Microsoft Visual Studio Solution File, Format Version 12.00
# Visual Studio 15
VisualStudioVersion = 15.0.26228.9
MinimumVisualStudioVersion = 10.0.40219.1
Project("{FAE04EC0-301F-11D3-BF4B-00C04F79EFBC}") = "YahooWeatherParser.Pcl", "YahooWeatherParser\YahooWeatherParser.Pcl.csproj", "{01AB7075-CB81-4AD2-90F2-DC444DE09363}"
EndProject
Project("{FAE04EC0-301F-11D3-BF4B-00C04F79EFBC}") = "ConsoleTester", "ConsoleTester\ConsoleTester.csproj", "{C5EDA7DB-9198-4887-BD55-67728B380ADA}"
EndProject
Project("{D954291E-2A0B-460D-934E-DC6B0785DB48}") = "YahooWeatherParser.Shared", "YahooWeatherParser.Shared\YahooWeatherParser.Shared.shproj", "{46719882-6220-4880-9822-6AB1B46D8124}"
EndProject
Global
	GlobalSection(SharedMSBuildProjectFiles) = preSolution
		YahooWeatherParser.Shared\YahooWeatherParser.Shared.projitems*{01ab7075-cb81-4ad2-90f2-dc444de09363}*SharedItemsImports = 4
		YahooWeatherParser.Shared\YahooWeatherParser.Shared.projitems*{46719882-6220-4880-9822-6ab1b46d8124}*SharedItemsImports = 13
	EndGlobalSection
	GlobalSection(SolutionConfigurationPlatforms) = preSolution
		Debug|Any CPU = Debug|Any CPU
		Release|Any CPU = Release|Any CPU
	EndGlobalSection
	GlobalSection(ProjectConfigurationPlatforms) = postSolution
		{01AB7075-CB81-4AD2-90F2-DC444DE09363}.Debug|Any CPU.ActiveCfg = Debug|Any CPU
		{01AB7075-CB81-4AD2-90F2-DC444DE09363}.Debug|Any CPU.Build.0 = Debug|Any CPU
		{01AB7075-CB81-4AD2-90F2-DC444DE09363}.Release|Any CPU.ActiveCfg = Release|Any CPU
		{01AB7075-CB81-4AD2-90F2-DC444DE09363}.Release|Any CPU.Build.0 = Release|Any CPU
		{C5EDA7DB-9198-4887-BD55-67728B380ADA}.Debug|Any CPU.ActiveCfg = Debug|Any CPU
		{C5EDA7DB-9198-4887-BD55-67728B380ADA}.Debug|Any CPU.Build.0 = Debug|Any CPU
		{C5EDA7DB-9198-4887-BD55-67728B380ADA}.Release|Any CPU.ActiveCfg = Release|Any CPU
		{C5EDA7DB-9198-4887-BD55-67728B380ADA}.Release|Any CPU.Build.0 = Release|Any CPU
	EndGlobalSection
	GlobalSection(SolutionProperties) = preSolution
		HideSolutionNode = FALSE
	EndGlobalSection
EndGlobal
