
Microsoft Visual Studio Solution File, Format Version 12.00
# Visual Studio 2012
Project("{FAE04EC0-301F-11D3-BF4B-00C04F79EFBC}") = "YahooWeather.NET", "YahooWeather.NET\YahooWeather.NET.csproj", "{F3FBAA45-2AB4-4729-BF9A-9276BCFAF2F1}"
EndProject
Project("{FAE04EC0-301F-11D3-BF4B-00C04F79EFBC}") = "YWeatherTester", "YWeatherTester\YWeatherTester.csproj", "{52F7A26F-F937-4EDE-876C-2C3F1A40C1D7}"
EndProject
Global
	GlobalSection(SolutionConfigurationPlatforms) = preSolution
		Debug|Any CPU = Debug|Any CPU
		Release|Any CPU = Release|Any CPU
	EndGlobalSection
	GlobalSection(ProjectConfigurationPlatforms) = postSolution
		{F3FBAA45-2AB4-4729-BF9A-9276BCFAF2F1}.Debug|Any CPU.ActiveCfg = Debug|Any CPU
		{F3FBAA45-2AB4-4729-BF9A-9276BCFAF2F1}.Debug|Any CPU.Build.0 = Debug|Any CPU
		{F3FBAA45-2AB4-4729-BF9A-9276BCFAF2F1}.Release|Any CPU.ActiveCfg = Release|Any CPU
		{F3FBAA45-2AB4-4729-BF9A-9276BCFAF2F1}.Release|Any CPU.Build.0 = Release|Any CPU
		{52F7A26F-F937-4EDE-876C-2C3F1A40C1D7}.Debug|Any CPU.ActiveCfg = Debug|Any CPU
		{52F7A26F-F937-4EDE-876C-2C3F1A40C1D7}.Debug|Any CPU.Build.0 = Debug|Any CPU
		{52F7A26F-F937-4EDE-876C-2C3F1A40C1D7}.Release|Any CPU.ActiveCfg = Release|Any CPU
		{52F7A26F-F937-4EDE-876C-2C3F1A40C1D7}.Release|Any CPU.Build.0 = Release|Any CPU
	EndGlobalSection
EndGlobal
